PODS:
  - AFNetworking (3.1.0):
    - AFNetworking/NSURLSession (= 3.1.0)
    - AFNetworking/Reachability (= 3.1.0)
    - AFNetworking/Security (= 3.1.0)
    - AFNetworking/Serialization (= 3.1.0)
    - AFNetworking/UIKit (= 3.1.0)
  - AFNetworking/NSURLSession (3.1.0):
    - AFNetworking/Reachability
    - AFNetworking/Security
    - AFNetworking/Serialization
  - AFNetworking/Reachability (3.1.0)
  - AFNetworking/Security (3.1.0)
  - AFNetworking/Serialization (3.1.0)
  - AFNetworking/UIKit (3.1.0):
    - AFNetworking/NSURLSession
  - DTCoreText (1.6.19):
    - DTCoreText/Core (= 1.6.19)
    - DTFoundation/Core (~> 1.7.5)
    - DTFoundation/DTAnimatedGIF (~> 1.7.5)
    - DTFoundation/DTHTMLParser (~> 1.7.5)
    - DTFoundation/UIKit (~> 1.7.5)
  - DTCoreText/Core (1.6.19):
    - DTFoundation/Core (~> 1.7.5)
    - DTFoundation/DTAnimatedGIF (~> 1.7.5)
    - DTFoundation/DTHTMLParser (~> 1.7.5)
    - DTFoundation/UIKit (~> 1.7.5)
  - DTFoundation/Core (1.7.11)
  - DTFoundation/DTAnimatedGIF (1.7.11)
  - DTFoundation/DTHTMLParser (1.7.11):
    - DTFoundation/Core
  - DTFoundation/UIKit (1.7.11):
    - DTFoundation/Core
  - DTWebArchive (0.0.3):
    - DTWebArchive/Core (= 0.0.3)
    - DTWebArchive/iOS (= 0.0.3)
  - DTWebArchive/Core (0.0.3)
  - DTWebArchive/iOS (0.0.3):
    - DTWebArchive/Core
  - Makemoji-SDK (1.0.82):
    - AFNetworking (>= 2.6.3)
    - DTCoreText
    - DTWebArchive
    - SDWebImage (<= 3.8.2)
  - SDWebImage (3.8.2):
    - SDWebImage/Core (= 3.8.2)
  - SDWebImage/Core (3.8.2)

DEPENDENCIES:
  - Makemoji-SDK (from `../.`)

EXTERNAL SOURCES:
  Makemoji-SDK:
    :path: ../.

SPEC CHECKSUMS:
  AFNetworking: 5e0e199f73d8626b11e79750991f5d173d1f8b67
  DTCoreText: 184cc2f460c2177108e8700dfb0eb1b1cb72c99d
  DTFoundation: 0ef29c70a9814e15518694862bd739347abe2a50
  DTWebArchive: 2029610e2e2fda5b6d51a386b13b1484b7b197ba
  Makemoji-SDK: d533418fa12fdb7bf212b74953138e1265c75603
  SDWebImage: 098e97e6176540799c27e804c96653ee0833d13c

PODFILE CHECKSUM: c3eb6d2b7c2a7a6f5d507066f88dd1e1198ac88c

COCOAPODS: 1.1.1
